
Microsoft Visual Studio Solution File, Format Version 12.00
# Visual Studio Version 16
VisualStudioVersion = 16.0.29709.97
MinimumVisualStudioVersion = 10.0.40219.1
Project("{FAE04EC0-301F-11D3-BF4B-00C04F79EFBC}") = "exercise3_2", "exercise3_2.csproj", "{E39FBA28-46CA-4D6F-B7FD-E0D84B2894DD}"
EndProject
Global
	GlobalSection(SolutionConfigurationPlatforms) = preSolution
		Debug|Any CPU = Debug|Any CPU
		Release|Any CPU = Release|Any CPU
	EndGlobalSection
	GlobalSection(ProjectConfigurationPlatforms) = postSolution
		{E39FBA28-46CA-4D6F-B7FD-E0D84B2894DD}.Debug|Any CPU.ActiveCfg = Debug|Any CPU
		{E39FBA28-46CA-4D6F-B7FD-E0D84B2894DD}.Debug|Any CPU.Build.0 = Debug|Any CPU
		{E39FBA28-46CA-4D6F-B7FD-E0D84B2894DD}.Release|Any CPU.ActiveCfg = Release|Any CPU
		{E39FBA28-46CA-4D6F-B7FD-E0D84B2894DD}.Release|Any CPU.Build.0 = Release|Any CPU
	EndGlobalSection
	GlobalSection(SolutionProperties) = preSolution
		HideSolutionNode = FALSE
	EndGlobalSection
	GlobalSection(ExtensibilityGlobals) = postSolution
		SolutionGuid = {EAA92565-FFA1-4966-8AFE-3BDA8D4B9541}
	EndGlobalSection
EndGlobal
